
Microsoft Visual Studio Solution File, Format Version 12.00
# Visual Studio Version 17
VisualStudioVersion = 17.0.32126.317
MinimumVisualStudioVersion = 10.0.40219.1
Project("{FAE04EC0-301F-11D3-BF4B-00C04F79EFBC}") = "ECommerce.Bussiness", "ECommerce.Bussiness\ECommerce.Bussiness.csproj", "{8C649442-91B4-43F5-BB6D-C801614A9A8B}"
EndProject
Project("{FAE04EC0-301F-11D3-BF4B-00C04F79EFBC}") = "ECommerce.DataAccessLayer", "ECommerce.DataAccessLayer\ECommerce.DataAccessLayer.csproj", "{B71F71F5-9CDF-47A0-82E3-4EC0937A7850}"
EndProject
Project("{FAE04EC0-301F-11D3-BF4B-00C04F79EFBC}") = "ECommerce.Entities", "ECommerce.Entities\ECommerce.Entities.csproj", "{C3B61589-BBF6-4459-A3D2-121629047039}"
EndProject
Project("{FAE04EC0-301F-11D3-BF4B-00C04F79EFBC}") = "ECommerce.Common", "ECommerce.Common\ECommerce.Common.csproj", "{869CC9F4-E07E-4C52-9683-C227C4CA9972}"
EndProject
Project("{FAE04EC0-301F-11D3-BF4B-00C04F79EFBC}") = "ECommerce.Web", "ECommerce.Web\ECommerce.Web.csproj", "{FA2A082F-A220-4DFA-9ED0-48F3DDF5F687}"
EndProject
Global
	GlobalSection(SolutionConfigurationPlatforms) = preSolution
		Debug|Any CPU = Debug|Any CPU
		Release|Any CPU = Release|Any CPU
	EndGlobalSection
	GlobalSection(ProjectConfigurationPlatforms) = postSolution
		{8C649442-91B4-43F5-BB6D-C801614A9A8B}.Debug|Any CPU.ActiveCfg = Debug|Any CPU
		{8C649442-91B4-43F5-BB6D-C801614A9A8B}.Debug|Any CPU.Build.0 = Debug|Any CPU
		{8C649442-91B4-43F5-BB6D-C801614A9A8B}.Release|Any CPU.ActiveCfg = Release|Any CPU
		{8C649442-91B4-43F5-BB6D-C801614A9A8B}.Release|Any CPU.Build.0 = Release|Any CPU
		{B71F71F5-9CDF-47A0-82E3-4EC0937A7850}.Debug|Any CPU.ActiveCfg = Debug|Any CPU
		{B71F71F5-9CDF-47A0-82E3-4EC0937A7850}.Debug|Any CPU.Build.0 = Debug|Any CPU
		{B71F71F5-9CDF-47A0-82E3-4EC0937A7850}.Release|Any CPU.ActiveCfg = Release|Any CPU
		{B71F71F5-9CDF-47A0-82E3-4EC0937A7850}.Release|Any CPU.Build.0 = Release|Any CPU
		{C3B61589-BBF6-4459-A3D2-121629047039}.Debug|Any CPU.ActiveCfg = Debug|Any CPU
		{C3B61589-BBF6-4459-A3D2-121629047039}.Debug|Any CPU.Build.0 = Debug|Any CPU
		{C3B61589-BBF6-4459-A3D2-121629047039}.Release|Any CPU.ActiveCfg = Release|Any CPU
		{C3B61589-BBF6-4459-A3D2-121629047039}.Release|Any CPU.Build.0 = Release|Any CPU
		{869CC9F4-E07E-4C52-9683-C227C4CA9972}.Debug|Any CPU.ActiveCfg = Debug|Any CPU
		{869CC9F4-E07E-4C52-9683-C227C4CA9972}.Debug|Any CPU.Build.0 = Debug|Any CPU
		{869CC9F4-E07E-4C52-9683-C227C4CA9972}.Release|Any CPU.ActiveCfg = Release|Any CPU
		{869CC9F4-E07E-4C52-9683-C227C4CA9972}.Release|Any CPU.Build.0 = Release|Any CPU
		{FA2A082F-A220-4DFA-9ED0-48F3DDF5F687}.Debug|Any CPU.ActiveCfg = Debug|Any CPU
		{FA2A082F-A220-4DFA-9ED0-48F3DDF5F687}.Debug|Any CPU.Build.0 = Debug|Any CPU
		{FA2A082F-A220-4DFA-9ED0-48F3DDF5F687}.Release|Any CPU.ActiveCfg = Release|Any CPU
		{FA2A082F-A220-4DFA-9ED0-48F3DDF5F687}.Release|Any CPU.Build.0 = Release|Any CPU
	EndGlobalSection
	GlobalSection(SolutionProperties) = preSolution
		HideSolutionNode = FALSE
	EndGlobalSection
	GlobalSection(ExtensibilityGlobals) = postSolution
		SolutionGuid = {B3441E93-457A-4BDD-A11E-268370748E15}
	EndGlobalSection
EndGlobal
